
Microsoft Visual Studio Solution File, Format Version 12.00
# Visual Studio Version 17
VisualStudioVersion = 17.1.32210.238
MinimumVisualStudioVersion = 10.0.40219.1
Project("{9A19103F-16F7-4668-BE54-9A1E7A4F7556}") = "ProWork", "ProWork\ProWork.csproj", "{B167A096-E3A2-4A03-970E-25CBF8A85452}"
EndProject
Global
	GlobalSection(SolutionConfigurationPlatforms) = preSolution
		Debug|Any CPU = Debug|Any CPU
		Release|Any CPU = Release|Any CPU
	EndGlobalSection
	GlobalSection(ProjectConfigurationPlatforms) = postSolution
		{B167A096-E3A2-4A03-970E-25CBF8A85452}.Debug|Any CPU.ActiveCfg = Debug|Any CPU
		{B167A096-E3A2-4A03-970E-25CBF8A85452}.Debug|Any CPU.Build.0 = Debug|Any CPU
		{B167A096-E3A2-4A03-970E-25CBF8A85452}.Release|Any CPU.ActiveCfg = Release|Any CPU
		{B167A096-E3A2-4A03-970E-25CBF8A85452}.Release|Any CPU.Build.0 = Release|Any CPU
	EndGlobalSection
	GlobalSection(SolutionProperties) = preSolution
		HideSolutionNode = FALSE
	EndGlobalSection
	GlobalSection(ExtensibilityGlobals) = postSolution
		SolutionGuid = {602B4C00-2ACD-4248-9456-0E8D788A3623}
	EndGlobalSection
EndGlobal
